
Microsoft Visual Studio Solution File, Format Version 12.00
# Visual Studio Version 17
VisualStudioVersion = 17.8.34511.84
MinimumVisualStudioVersion = 10.0.40219.1
Project("{FAE04EC0-301F-11D3-BF4B-00C04F79EFBC}") = "EmptyFileDeleter", "EmptyFileDeleter.csproj", "{9E90119F-B11F-4637-8DEA-3572F319C207}"
EndProject
Global
	GlobalSection(SolutionConfigurationPlatforms) = preSolution
		Debug|Any CPU = Debug|Any CPU
		Release|Any CPU = Release|Any CPU
	EndGlobalSection
	GlobalSection(ProjectConfigurationPlatforms) = postSolution
		{9E90119F-B11F-4637-8DEA-3572F319C207}.Debug|Any CPU.ActiveCfg = Debug|Any CPU
		{9E90119F-B11F-4637-8DEA-3572F319C207}.Debug|Any CPU.Build.0 = Debug|Any CPU
		{9E90119F-B11F-4637-8DEA-3572F319C207}.Release|Any CPU.ActiveCfg = Release|Any CPU
		{9E90119F-B11F-4637-8DEA-3572F319C207}.Release|Any CPU.Build.0 = Release|Any CPU
	EndGlobalSection
	GlobalSection(SolutionProperties) = preSolution
		HideSolutionNode = FALSE
	EndGlobalSection
	GlobalSection(ExtensibilityGlobals) = postSolution
		SolutionGuid = {5BA95DEA-3C13-4A0A-A173-A45D6D33CE23}
	EndGlobalSection
EndGlobal
